
Microsoft Visual Studio Solution File, Format Version 12.00
# Visual Studio Version 17
VisualStudioVersion = 17.7.34009.444
MinimumVisualStudioVersion = 10.0.40219.1
Project("{FAE04EC0-301F-11D3-BF4B-00C04F79EFBC}") = "ADONetNpgsqlDataEntity", "ADONetNpgsqlDataEntity.csproj", "{38FBD6BD-09FE-4037-AF58-26862E43918F}"
EndProject
Global
	GlobalSection(SolutionConfigurationPlatforms) = preSolution
		Debug|Any CPU = Debug|Any CPU
		Release|Any CPU = Release|Any CPU
	EndGlobalSection
	GlobalSection(ProjectConfigurationPlatforms) = postSolution
		{38FBD6BD-09FE-4037-AF58-26862E43918F}.Debug|Any CPU.ActiveCfg = Debug|Any CPU
		{38FBD6BD-09FE-4037-AF58-26862E43918F}.Debug|Any CPU.Build.0 = Debug|Any CPU
		{38FBD6BD-09FE-4037-AF58-26862E43918F}.Release|Any CPU.ActiveCfg = Release|Any CPU
		{38FBD6BD-09FE-4037-AF58-26862E43918F}.Release|Any CPU.Build.0 = Release|Any CPU
	EndGlobalSection
	GlobalSection(SolutionProperties) = preSolution
		HideSolutionNode = FALSE
	EndGlobalSection
	GlobalSection(ExtensibilityGlobals) = postSolution
		SolutionGuid = {6FE486D9-BAEA-44C8-ACBE-F9D3C263FB39}
	EndGlobalSection
EndGlobal
